// !$*UTF8*$!
{
	archiveVersion = 1;
	classes = {
	};
	objectVersion = 46;
	objects = {

/* Begin PBXBuildFile section */
		354403221A27456300DF8587 /* Swap.swift in Sources */ = {isa = PBXBuildFile; fileRef = 354403211A27456300DF8587 /* Swap.swift */; };
		3544032A1A2759C300DF8587 /* Chomp.wav in Resources */ = {isa = PBXBuildFile; fileRef = 354403241A2759C300DF8587 /* Chomp.wav */; };
		3544032B1A2759C300DF8587 /* Drip.wav in Resources */ = {isa = PBXBuildFile; fileRef = 354403251A2759C300DF8587 /* Drip.wav */; };
		3544032C1A2759C300DF8587 /* Error.wav in Resources */ = {isa = PBXBuildFile; fileRef = 354403261A2759C300DF8587 /* Error.wav */; };
		3544032D1A2759C300DF8587 /* Ka-Ching.wav in Resources */ = {isa = PBXBuildFile; fileRef = 354403271A2759C300DF8587 /* Ka-Ching.wav */; };
		3544032E1A2759C300DF8587 /* Mining by Moonlight.mp3 in Resources */ = {isa = PBXBuildFile; fileRef = 354403281A2759C300DF8587 /* Mining by Moonlight.mp3 */; };
		3544032F1A2759C300DF8587 /* Scrape.wav in Resources */ = {isa = PBXBuildFile; fileRef = 354403291A2759C300DF8587 /* Scrape.wav */; };
		355510781A2647BA00C0EA72 /* AppDelegate.swift in Sources */ = {isa = PBXBuildFile; fileRef = 355510771A2647BA00C0EA72 /* AppDelegate.swift */; };
		3555107F1A2647BB00C0EA72 /* Main.storyboard in Resources */ = {isa = PBXBuildFile; fileRef = 3555107D1A2647BB00C0EA72 /* Main.storyboard */; };
		355510811A2647BB00C0EA72 /* Images.xcassets in Resources */ = {isa = PBXBuildFile; fileRef = 355510801A2647BB00C0EA72 /* Images.xcassets */; };
		355510841A2647BB00C0EA72 /* LaunchScreen.xib in Resources */ = {isa = PBXBuildFile; fileRef = 355510821A2647BB00C0EA72 /* LaunchScreen.xib */; };
		355510901A2647BB00C0EA72 /* CookieCrunchTests.swift in Sources */ = {isa = PBXBuildFile; fileRef = 3555108F1A2647BB00C0EA72 /* CookieCrunchTests.swift */; };
		3555109A1A2649CB00C0EA72 /* Sprites.atlas in Resources */ = {isa = PBXBuildFile; fileRef = 355510991A2649CB00C0EA72 /* Sprites.atlas */; };
		355510A81A26676500C0EA72 /* GameScene.swift in Sources */ = {isa = PBXBuildFile; fileRef = 355510A71A26676500C0EA72 /* GameScene.swift */; };
		355510AC1A26677500C0EA72 /* Cookie.swift in Sources */ = {isa = PBXBuildFile; fileRef = 355510AA1A26677500C0EA72 /* Cookie.swift */; };
		355510AD1A26677500C0EA72 /* Level.swift in Sources */ = {isa = PBXBuildFile; fileRef = 355510AB1A26677500C0EA72 /* Level.swift */; };
		355510B01A2667AA00C0EA72 /* GameViewController.swift in Sources */ = {isa = PBXBuildFile; fileRef = 355510AF1A2667AA00C0EA72 /* GameViewController.swift */; };
		355510B41A2667EB00C0EA72 /* Array2D.swift in Sources */ = {isa = PBXBuildFile; fileRef = 355510B21A2667EB00C0EA72 /* Array2D.swift */; };
		355510B51A2667EB00C0EA72 /* Set.swift in Sources */ = {isa = PBXBuildFile; fileRef = 355510B31A2667EB00C0EA72 /* Set.swift */; };
		355510BC1A266C1100C0EA72 /* Level_0.json in Resources */ = {isa = PBXBuildFile; fileRef = 355510B71A266C1100C0EA72 /* Level_0.json */; };
		355510BD1A266C1100C0EA72 /* Level_1.json in Resources */ = {isa = PBXBuildFile; fileRef = 355510B81A266C1100C0EA72 /* Level_1.json */; };
		355510BE1A266C1100C0EA72 /* Level_2.json in Resources */ = {isa = PBXBuildFile; fileRef = 355510B91A266C1100C0EA72 /* Level_2.json */; };
		355510BF1A266C1100C0EA72 /* Level_3.json in Resources */ = {isa = PBXBuildFile; fileRef = 355510BA1A266C1100C0EA72 /* Level_3.json */; };
		355510C01A266C1100C0EA72 /* Level_4.json in Resources */ = {isa = PBXBuildFile; fileRef = 355510BB1A266C1100C0EA72 /* Level_4.json */; };
		355510C21A266C8F00C0EA72 /* Tile.swift in Sources */ = {isa = PBXBuildFile; fileRef = 355510C11A266C8F00C0EA72 /* Tile.swift */; };
		355510C41A266F4900C0EA72 /* Extention.swift in Sources */ = {isa = PBXBuildFile; fileRef = 355510C31A266F4900C0EA72 /* Extention.swift */; };
/* End PBXBuildFile section */

/* Begin PBXContainerItemProxy section */
		3555108A1A2647BB00C0EA72 /* PBXContainerItemProxy */ = {
			isa = PBXContainerItemProxy;
			containerPortal = 3555106A1A2647BA00C0EA72 /* Project object */;
			proxyType = 1;
			remoteGlobalIDString = 355510711A2647BA00C0EA72;
			remoteInfo = CookieCrunch;
		};
/* End PBXContainerItemProxy section */

/* Begin PBXFileReference section */
		354403211A27456300DF8587 /* Swap.swift */ = {isa = PBXFileReference; fileEncoding = 4; lastKnownFileType = sourcecode.swift; path = Swap.swift; sourceTree = "<group>"; };
		354403241A2759C300DF8587 /* Chomp.wav */ = {isa = PBXFileReference; lastKnownFileType = audio.wav; path = Chomp.wav; sourceTree = "<group>"; };
		354403251A2759C300DF8587 /* Drip.wav */ = {isa = PBXFileReference; lastKnownFileType = audio.wav; path = Drip.wav; sourceTree = "<group>"; };
		354403261A2759C300DF8587 /* Error.wav */ = {isa = PBXFileReference; lastKnownFileType = audio.wav; path = Error.wav; sourceTree = "<group>"; };
		354403271A2759C300DF8587 /* Ka-Ching.wav */ = {isa = PBXFileReference; lastKnownFileType = audio.wav; path = "Ka-Ching.wav"; sourceTree = "<group>"; };
		354403281A2759C300DF8587 /* Mining by Moonlight.mp3 */ = {isa = PBXFileReference; lastKnownFileType = audio.mp3; path = "Mining by Moonlight.mp3"; sourceTree = "<group>"; };
		354403291A2759C300DF8587 /* Scrape.wav */ = {isa = PBXFileReference; lastKnownFileType = audio.wav; path = Scrape.wav; sourceTree = "<group>"; };
		355510721A2647BA00C0EA72 /* CookieCrunch.app */ = {isa = PBXFileReference; explicitFileType = wrapper.application; includeInIndex = 0; path = CookieCrunch.app; sourceTree = BUILT_PRODUCTS_DIR; };
		355510761A2647BA00C0EA72 /* Info.plist */ = {isa = PBXFileReference; lastKnownFileType = text.plist.xml; path = Info.plist; sourceTree = "<group>"; };
		355510771A2647BA00C0EA72 /* AppDelegate.swift */ = {isa = PBXFileReference; lastKnownFileType = sourcecode.swift; path = AppDelegate.swift; sourceTree = "<group>"; };
		3555107E1A2647BB00C0EA72 /* Base */ = {isa = PBXFileReference; lastKnownFileType = file.storyboard; name = Base; path = Base.lproj/Main.storyboard; sourceTree = "<group>"; };
		355510801A2647BB00C0EA72 /* Images.xcassets */ = {isa = PBXFileReference; lastKnownFileType = folder.assetcatalog; path = Images.xcassets; sourceTree = "<group>"; };
		355510831A2647BB00C0EA72 /* Base */ = {isa = PBXFileReference; lastKnownFileType = file.xib; name = Base; path = Base.lproj/LaunchScreen.xib; sourceTree = "<group>"; };
		355510891A2647BB00C0EA72 /* CookieCrunchTests.xctest */ = {isa = PBXFileReference; explicitFileType = wrapper.cfbundle; includeInIndex = 0; path = CookieCrunchTests.xctest; sourceTree = BUILT_PRODUCTS_DIR; };
		3555108E1A2647BB00C0EA72 /* Info.plist */ = {isa = PBXFileReference; lastKnownFileType = text.plist.xml; path = Info.plist; sourceTree = "<group>"; };
		3555108F1A2647BB00C0EA72 /* CookieCrunchTests.swift */ = {isa = PBXFileReference; lastKnownFileType = sourcecode.swift; path = CookieCrunchTests.swift; sourceTree = "<group>"; };
		355510991A2649CB00C0EA72 /* Sprites.atlas */ = {isa = PBXFileReference; lastKnownFileType = folder.skatlas; path = Sprites.atlas; sourceTree = "<group>"; };
		355510A71A26676500C0EA72 /* GameScene.swift */ = {isa = PBXFileReference; fileEncoding = 4; lastKnownFileType = sourcecode.swift; path = GameScene.swift; sourceTree = "<group>"; };
		355510AA1A26677500C0EA72 /* Cookie.swift */ = {isa = PBXFileReference; fileEncoding = 4; lastKnownFileType = sourcecode.swift; path = Cookie.swift; sourceTree = "<group>"; };
		355510AB1A26677500C0EA72 /* Level.swift */ = {isa = PBXFileReference; fileEncoding = 4; lastKnownFileType = sourcecode.swift; path = Level.swift; sourceTree = "<group>"; };
		355510AF1A2667AA00C0EA72 /* GameViewController.swift */ = {isa = PBXFileReference; fileEncoding = 4; lastKnownFileType = sourcecode.swift; path = GameViewController.swift; sourceTree = "<group>"; };
		355510B21A2667EB00C0EA72 /* Array2D.swift */ = {isa = PBXFileReference; fileEncoding = 4; lastKnownFileType = sourcecode.swift; path = Array2D.swift; sourceTree = "<group>"; };
		355510B31A2667EB00C0EA72 /* Set.swift */ = {isa = PBXFileReference; fileEncoding = 4; lastKnownFileType = sourcecode.swift; path = Set.swift; sourceTree = "<group>"; };
		355510B71A266C1100C0EA72 /* Level_0.json */ = {isa = PBXFileReference; fileEncoding = 4; lastKnownFileType = text.json; path = Level_0.json; sourceTree = "<group>"; };
		355510B81A266C1100C0EA72 /* Level_1.json */ = {isa = PBXFileReference; fileEncoding = 4; lastKnownFileType = text.json; path = Level_1.json; sourceTree = "<group>"; };
		355510B91A266C1100C0EA72 /* Level_2.json */ = {isa = PBXFileReference; fileEncoding = 4; lastKnownFileType = text.json; path = Level_2.json; sourceTree = "<group>"; };
		355510BA1A266C1100C0EA72 /* Level_3.json */ = {isa = PBXFileReference; fileEncoding = 4; lastKnownFileType = text.json; path = Level_3.json; sourceTree = "<group>"; };
		355510BB1A266C1100C0EA72 /* Level_4.json */ = {isa = PBXFileReference; fileEncoding = 4; lastKnownFileType = text.json; path = Level_4.json; sourceTree = "<group>"; };
		355510C11A266C8F00C0EA72 /* Tile.swift */ = {isa = PBXFileReference; fileEncoding = 4; lastKnownFileType = sourcecode.swift; path = Tile.swift; sourceTree = "<group>"; };
		355510C31A266F4900C0EA72 /* Extention.swift */ = {isa = PBXFileReference; fileEncoding = 4; lastKnownFileType = sourcecode.swift; path = Extention.swift; sourceTree = "<group>"; };
/* End PBXFileReference section */

/* Begin PBXFrameworksBuildPhase section */
		3555106F1A2647BA00C0EA72 /* Frameworks */ = {
			isa = PBXFrameworksBuildPhase;
			buildActionMask = 2147483647;
			files = (
			);
			runOnlyForDeploymentPostprocessing = 0;
		};
		355510861A2647BB00C0EA72 /* Frameworks */ = {
			isa = PBXFrameworksBuildPhase;
			buildActionMask = 2147483647;
			files = (
			);
			runOnlyForDeploymentPostprocessing = 0;
		};
/* End PBXFrameworksBuildPhase section */

/* Begin PBXGroup section */
		354403231A2759C300DF8587 /* Sounds */ = {
			isa = PBXGroup;
			children = (
				354403241A2759C300DF8587 /* Chomp.wav */,
				354403251A2759C300DF8587 /* Drip.wav */,
				354403261A2759C300DF8587 /* Error.wav */,
				354403271A2759C300DF8587 /* Ka-Ching.wav */,
				354403281A2759C300DF8587 /* Mining by Moonlight.mp3 */,
				354403291A2759C300DF8587 /* Scrape.wav */,
			);
			path = Sounds;
			sourceTree = "<group>";
		};
		355510691A2647BA00C0EA72 = {
			isa = PBXGroup;
			children = (
				355510741A2647BA00C0EA72 /* CookieCrunch */,
				3555108C1A2647BB00C0EA72 /* CookieCrunchTests */,
				355510731A2647BA00C0EA72 /* Products */,
			);
			sourceTree = "<group>";
		};
		355510731A2647BA00C0EA72 /* Products */ = {
			isa = PBXGroup;
			children = (
				355510721A2647BA00C0EA72 /* CookieCrunch.app */,
				355510891A2647BB00C0EA72 /* CookieCrunchTests.xctest */,
			);
			name = Products;
			sourceTree = "<group>";
		};
		355510741A2647BA00C0EA72 /* CookieCrunch */ = {
			isa = PBXGroup;
			children = (
				355510B11A2667EB00C0EA72 /* Helpers */,
				355510AE1A2667AA00C0EA72 /* controllers */,
				355510A91A26677500C0EA72 /* Models */,
				355510A61A26676500C0EA72 /* views */,
				355510771A2647BA00C0EA72 /* AppDelegate.swift */,
				3555107D1A2647BB00C0EA72 /* Main.storyboard */,
				355510801A2647BB00C0EA72 /* Images.xcassets */,
				355510821A2647BB00C0EA72 /* LaunchScreen.xib */,
				355510991A2649CB00C0EA72 /* Sprites.atlas */,
				354403231A2759C300DF8587 /* Sounds */,
				355510B61A266C1100C0EA72 /* Levels */,
				355510751A2647BA00C0EA72 /* Supporting Files */,
			);
			path = CookieCrunch;
			sourceTree = "<group>";
		};
		355510751A2647BA00C0EA72 /* Supporting Files */ = {
			isa = PBXGroup;
			children = (
				355510761A2647BA00C0EA72 /* Info.plist */,
			);
			name = "Supporting Files";
			sourceTree = "<group>";
		};
		3555108C1A2647BB00C0EA72 /* CookieCrunchTests */ = {
			isa = PBXGroup;
			children = (
				3555108F1A2647BB00C0EA72 /* CookieCrunchTests.swift */,
				3555108D1A2647BB00C0EA72 /* Supporting Files */,
			);
			path = CookieCrunchTests;
			sourceTree = "<group>";
		};
		3555108D1A2647BB00C0EA72 /* Supporting Files */ = {
			isa = PBXGroup;
			children = (
				3555108E1A2647BB00C0EA72 /* Info.plist */,
			);
			name = "Supporting Files";
			sourceTree = "<group>";
		};
		355510A61A26676500C0EA72 /* views */ = {
			isa = PBXGroup;
			children = (
				355510A71A26676500C0EA72 /* GameScene.swift */,
			);
			path = views;
			sourceTree = "<group>";
		};
		355510A91A26677500C0EA72 /* Models */ = {
			isa = PBXGroup;
			children = (
				355510AA1A26677500C0EA72 /* Cookie.swift */,
				355510AB1A26677500C0EA72 /* Level.swift */,
				355510C11A266C8F00C0EA72 /* Tile.swift */,
				354403211A27456300DF8587 /* Swap.swift */,
			);
			path = Models;
			sourceTree = "<group>";
		};
		355510AE1A2667AA00C0EA72 /* controllers */ = {
			isa = PBXGroup;
			children = (
				355510AF1A2667AA00C0EA72 /* GameViewController.swift */,
			);
			path = controllers;
			sourceTree = "<group>";
		};
		355510B11A2667EB00C0EA72 /* Helpers */ = {
			isa = PBXGroup;
			children = (
				355510B21A2667EB00C0EA72 /* Array2D.swift */,
				355510B31A2667EB00C0EA72 /* Set.swift */,
				355510C31A266F4900C0EA72 /* Extention.swift */,
			);
			path = Helpers;
			sourceTree = "<group>";
		};
		355510B61A266C1100C0EA72 /* Levels */ = {
			isa = PBXGroup;
			children = (
				355510B71A266C1100C0EA72 /* Level_0.json */,
				355510B81A266C1100C0EA72 /* Level_1.json */,
				355510B91A266C1100C0EA72 /* Level_2.json */,
				355510BA1A266C1100C0EA72 /* Level_3.json */,
				355510BB1A266C1100C0EA72 /* Level_4.json */,
			);
			path = Levels;
			sourceTree = "<group>";
		};
/* End PBXGroup section */

/* Begin PBXNativeTarget section */
		355510711A2647BA00C0EA72 /* CookieCrunch */ = {
			isa = PBXNativeTarget;
			buildConfigurationList = 355510931A2647BB00C0EA72 /* Build configuration list for PBXNativeTarget "CookieCrunch" */;
			buildPhases = (
				3555106E1A2647BA00C0EA72 /* Sources */,
				3555106F1A2647BA00C0EA72 /* Frameworks */,
				355510701A2647BA00C0EA72 /* Resources */,
			);
			buildRules = (
			);
			dependencies = (
			);
			name = CookieCrunch;
			productName = CookieCrunch;
			productReference = 355510721A2647BA00C0EA72 /* CookieCrunch.app */;
			productType = "com.apple.product-type.application";
		};
		355510881A2647BB00C0EA72 /* CookieCrunchTests */ = {
			isa = PBXNativeTarget;
			buildConfigurationList = 355510961A2647BB00C0EA72 /* Build configuration list for PBXNativeTarget "CookieCrunchTests" */;
			buildPhases = (
				355510851A2647BB00C0EA72 /* Sources */,
				355510861A2647BB00C0EA72 /* Frameworks */,
				355510871A2647BB00C0EA72 /* Resources */,
			);
			buildRules = (
			);
			dependencies = (
				3555108B1A2647BB00C0EA72 /* PBXTargetDependency */,
			);
			name = CookieCrunchTests;
			productName = CookieCrunchTests;
			productReference = 355510891A2647BB00C0EA72 /* CookieCrunchTests.xctest */;
			productType = "com.apple.product-type.bundle.unit-test";
		};
/* End PBXNativeTarget section */

/* Begin PBXProject section */
		3555106A1A2647BA00C0EA72 /* Project object */ = {
			isa = PBXProject;
			attributes = {
				LastUpgradeCheck = 0610;
				ORGANIZATIONNAME = HU;
				TargetAttributes = {
					355510711A2647BA00C0EA72 = {
						CreatedOnToolsVersion = 6.1;
					};
					355510881A2647BB00C0EA72 = {
						CreatedOnToolsVersion = 6.1;
						TestTargetID = 355510711A2647BA00C0EA72;
					};
				};
			};
			buildConfigurationList = 3555106D1A2647BA00C0EA72 /* Build configuration list for PBXProject "CookieCrunch" */;
			compatibilityVersion = "Xcode 3.2";
			developmentRegion = English;
			hasScannedForEncodings = 0;
			knownRegions = (
				en,
				Base,
			);
			mainGroup = 355510691A2647BA00C0EA72;
			productRefGroup = 355510731A2647BA00C0EA72 /* Products */;
			projectDirPath = "";
			projectRoot = "";
			targets = (
				355510711A2647BA00C0EA72 /* CookieCrunch */,
				355510881A2647BB00C0EA72 /* CookieCrunchTests */,
			);
		};
/* End PBXProject section */

/* Begin PBXResourcesBuildPhase section */
		355510701A2647BA00C0EA72 /* Resources */ = {
			isa = PBXResourcesBuildPhase;
			buildActionMask = 2147483647;
			files = (
				355510841A2647BB00C0EA72 /* LaunchScreen.xib in Resources */,
				3544032B1A2759C300DF8587 /* Drip.wav in Resources */,
				355510C01A266C1100C0EA72 /* Level_4.json in Resources */,
				3544032C1A2759C300DF8587 /* Error.wav in Resources */,
				355510BE1A266C1100C0EA72 /* Level_2.json in Resources */,
				3544032F1A2759C300DF8587 /* Scrape.wav in Resources */,
				355510BC1A266C1100C0EA72 /* Level_0.json in Resources */,
				3544032A1A2759C300DF8587 /* Chomp.wav in Resources */,
				3544032E1A2759C300DF8587 /* Mining by Moonlight.mp3 in Resources */,
				355510811A2647BB00C0EA72 /* Images.xcassets in Resources */,
				3544032D1A2759C300DF8587 /* Ka-Ching.wav in Resources */,
				3555107F1A2647BB00C0EA72 /* Main.storyboard in Resources */,
				355510BD1A266C1100C0EA72 /* Level_1.json in Resources */,
				355510BF1A266C1100C0EA72 /* Level_3.json in Resources */,
				3555109A1A2649CB00C0EA72 /* Sprites.atlas in Resources */,
			);
			runOnlyForDeploymentPostprocessing = 0;
		};
		355510871A2647BB00C0EA72 /* Resources */ = {
			isa = PBXResourcesBuildPhase;
			buildActionMask = 2147483647;
			files = (
			);
			runOnlyForDeploymentPostprocessing = 0;
		};
/* End PBXResourcesBuildPhase section */

/* Begin PBXSourcesBuildPhase section */
		3555106E1A2647BA00C0EA72 /* Sources */ = {
			isa = PBXSourcesBuildPhase;
			buildActionMask = 2147483647;
			files = (
				355510AC1A26677500C0EA72 /* Cookie.swift in Sources */,
				355510A81A26676500C0EA72 /* GameScene.swift in Sources */,
				355510AD1A26677500C0EA72 /* Level.swift in Sources */,
				355510C21A266C8F00C0EA72 /* Tile.swift in Sources */,
				354403221A27456300DF8587 /* Swap.swift in Sources */,
				355510B01A2667AA00C0EA72 /* GameViewController.swift in Sources */,
				355510B41A2667EB00C0EA72 /* Array2D.swift in Sources */,
				355510781A2647BA00C0EA72 /* AppDelegate.swift in Sources */,
				355510C41A266F4900C0EA72 /* Extention.swift in Sources */,
				355510B51A2667EB00C0EA72 /* Set.swift in Sources */,
			);
			runOnlyForDeploymentPostprocessing = 0;
		};
		355510851A2647BB00C0EA72 /* Sources */ = {
			isa = PBXSourcesBuildPhase;
			buildActionMask = 2147483647;
			files = (
				355510901A2647BB00C0EA72 /* CookieCrunchTests.swift in Sources */,
			);
			runOnlyForDeploymentPostprocessing = 0;
		};
/* End PBXSourcesBuildPhase section */

/* Begin PBXTargetDependency section */
		3555108B1A2647BB00C0EA72 /* PBXTargetDependency */ = {
			isa = PBXTargetDependency;
			target = 355510711A2647BA00C0EA72 /* CookieCrunch */;
			targetProxy = 3555108A1A2647BB00C0EA72 /* PBXContainerItemProxy */;
		};
/* End PBXTargetDependency section */

/* Begin PBXVariantGroup section */
		3555107D1A2647BB00C0EA72 /* Main.storyboard */ = {
			isa = PBXVariantGroup;
			children = (
				3555107E1A2647BB00C0EA72 /* Base */,
			);
			name = Main.storyboard;
			sourceTree = "<group>";
		};
		355510821A2647BB00C0EA72 /* LaunchScreen.xib */ = {
			isa = PBXVariantGroup;
			children = (
				355510831A2647BB00C0EA72 /* Base */,
			);
			name = LaunchScreen.xib;
			sourceTree = "<group>";
		};
/* End PBXVariantGroup section */

/* Begin XCBuildConfiguration section */
		355510911A2647BB00C0EA72 /* Debug */ = {
			isa = XCBuildConfiguration;
			buildSettings = {
				ALWAYS_SEARCH_USER_PATHS = NO;
				CLANG_CXX_LANGUAGE_STANDARD = "gnu++0x";
				CLANG_CXX_LIBRARY = "libc++";
				CLANG_ENABLE_MODULES = YES;
				CLANG_ENABLE_OBJC_ARC = YES;
				CLANG_WARN_BOOL_CONVERSION = YES;
				CLANG_WARN_CONSTANT_CONVERSION = YES;
				CLANG_WARN_DIRECT_OBJC_ISA_USAGE = YES_ERROR;
				CLANG_WARN_EMPTY_BODY = YES;
				CLANG_WARN_ENUM_CONVERSION = YES;
				CLANG_WARN_INT_CONVERSION = YES;
				CLANG_WARN_OBJC_ROOT_CLASS = YES_ERROR;
				CLANG_WARN_UNREACHABLE_CODE = YES;
				CLANG_WARN__DUPLICATE_METHOD_MATCH = YES;
				"CODE_SIGN_IDENTITY[sdk=iphoneos*]" = "iPhone Developer";
				COPY_PHASE_STRIP = NO;
				ENABLE_STRICT_OBJC_MSGSEND = YES;
				GCC_C_LANGUAGE_STANDARD = gnu99;
				GCC_DYNAMIC_NO_PIC = NO;
				GCC_OPTIMIZATION_LEVEL = 0;
				GCC_PREPROCESSOR_DEFINITIONS = (
					"DEBUG=1",
					"$(inherited)",
				);
				GCC_SYMBOLS_PRIVATE_EXTERN = NO;
				GCC_WARN_64_TO_32_BIT_CONVERSION = YES;
				GCC_WARN_ABOUT_RETURN_TYPE = YES_ERROR;
				GCC_WARN_UNDECLARED_SELECTOR = YES;
				GCC_WARN_UNINITIALIZED_AUTOS = YES_AGGRESSIVE;
				GCC_WARN_UNUSED_FUNCTION = YES;
				GCC_WARN_UNUSED_VARIABLE = YES;
				IPHONEOS_DEPLOYMENT_TARGET = 8.1;
				MTL_ENABLE_DEBUG_INFO = YES;
				ONLY_ACTIVE_ARCH = YES;
				SDKROOT = iphoneos;
				SWIFT_OPTIMIZATION_LEVEL = "-Onone";
				TARGETED_DEVICE_FAMILY = "1,2";
			};
			name = Debug;
		};
		355510921A2647BB00C0EA72 /* Release */ = {
			isa = XCBuildConfiguration;
			buildSettings = {
				ALWAYS_SEARCH_USER_PATHS = NO;
				CLANG_CXX_LANGUAGE_STANDARD = "gnu++0x";
				CLANG_CXX_LIBRARY = "libc++";
				CLANG_ENABLE_MODULES = YES;
				CLANG_ENABLE_OBJC_ARC = YES;
				CLANG_WARN_BOOL_CONVERSION = YES;
				CLANG_WARN_CONSTANT_CONVERSION = YES;
				CLANG_WARN_DIRECT_OBJC_ISA_USAGE = YES_ERROR;
				CLANG_WARN_EMPTY_BODY = YES;
				CLANG_WARN_ENUM_CONVERSION = YES;
				CLANG_WARN_INT_CONVERSION = YES;
				CLANG_WARN_OBJC_ROOT_CLASS = YES_ERROR;
				CLANG_WARN_UNREACHABLE_CODE = YES;
				CLANG_WARN__DUPLICATE_METHOD_MATCH = YES;
				"CODE_SIGN_IDENTITY[sdk=iphoneos*]" = "iPhone Developer";
				COPY_PHASE_STRIP = YES;
				ENABLE_NS_ASSERTIONS = NO;
				ENABLE_STRICT_OBJC_MSGSEND = YES;
				GCC_C_LANGUAGE_STANDARD = gnu99;
				GCC_WARN_64_TO_32_BIT_CONVERSION = YES;
				GCC_WARN_ABOUT_RETURN_TYPE = YES_ERROR;
				GCC_WARN_UNDECLARED_SELECTOR = YES;
				GCC_WARN_UNINITIALIZED_AUTOS = YES_AGGRESSIVE;
				GCC_WARN_UNUSED_FUNCTION = YES;
				GCC_WARN_UNUSED_VARIABLE = YES;
				IPHONEOS_DEPLOYMENT_TARGET = 8.1;
				MTL_ENABLE_DEBUG_INFO = NO;
				SDKROOT = iphoneos;
				TARGETED_DEVICE_FAMILY = "1,2";
				VALIDATE_PRODUCT = YES;
			};
			name = Release;
		};
		355510941A2647BB00C0EA72 /* Debug */ = {
			isa = XCBuildConfiguration;
			buildSettings = {
				ASSETCATALOG_COMPILER_APPICON_NAME = AppIcon;
				INFOPLIST_FILE = CookieCrunch/Info.plist;
				LD_RUNPATH_SEARCH_PATHS = "$(inherited) @executable_path/Frameworks";
				PRODUCT_NAME = "$(TARGET_NAME)";
			};
			name = Debug;
		};
		355510951A2647BB00C0EA72 /* Release */ = {
			isa = XCBuildConfiguration;
			buildSettings = {
				ASSETCATALOG_COMPILER_APPICON_NAME = AppIcon;
				INFOPLIST_FILE = CookieCrunch/Info.plist;
				LD_RUNPATH_SEARCH_PATHS = "$(inherited) @executable_path/Frameworks";
				PRODUCT_NAME = "$(TARGET_NAME)";
			};
			name = Release;
		};
		355510971A2647BB00C0EA72 /* Debug */ = {
			isa = XCBuildConfiguration;
			buildSettings = {
				BUNDLE_LOADER = "$(TEST_HOST)";
				FRAMEWORK_SEARCH_PATHS = (
					"$(SDKROOT)/Developer/Library/Frameworks",
					"$(inherited)",
				);
				GCC_PREPROCESSOR_DEFINITIONS = (
					"DEBUG=1",
					"$(inherited)",
				);
				INFOPLIST_FILE = CookieCrunchTests/Info.plist;
				LD_RUNPATH_SEARCH_PATHS = "$(inherited) @executable_path/Frameworks @loader_path/Frameworks";
				PRODUCT_NAME = "$(TARGET_NAME)";
				TEST_HOST = "$(BUILT_PRODUCTS_DIR)/CookieCrunch.app/CookieCrunch";
			};
			name = Debug;
		};
		355510981A2647BB00C0EA72 /* Release */ = {
			isa = XCBuildConfiguration;
			buildSettings = {
				BUNDLE_LOADER = "$(TEST_HOST)";
				FRAMEWORK_SEARCH_PATHS = (
					"$(SDKROOT)/Developer/Library/Frameworks",
					"$(inherited)",
				);
				INFOPLIST_FILE = CookieCrunchTests/Info.plist;
				LD_RUNPATH_SEARCH_PATHS = "$(inherited) @executable_path/Frameworks @loader_path/Frameworks";
				PRODUCT_NAME = "$(TARGET_NAME)";
				TEST_HOST = "$(BUILT_PRODUCTS_DIR)/CookieCrunch.app/CookieCrunch";
			};
			name = Release;
		};
/* End XCBuildConfiguration section */

/* Begin XCConfigurationList section */
		3555106D1A2647BA00C0EA72 /* Build configuration list for PBXProject "CookieCrunch" */ = {
			isa = XCConfigurationList;
			buildConfigurations = (
				355510911A2647BB00C0EA72 /* Debug */,
				355510921A2647BB00C0EA72 /* Release */,
			);
			defaultConfigurationIsVisible = 0;
			defaultConfigurationName = Release;
		};
		355510931A2647BB00C0EA72 /* Build configuration list for PBXNativeTarget "CookieCrunch" */ = {
			isa = XCConfigurationList;
			buildConfigurations = (
				355510941A2647BB00C0EA72 /* Debug */,
				355510951A2647BB00C0EA72 /* Release */,
			);
			defaultConfigurationIsVisible = 0;
			defaultConfigurationName = Release;
		};
		355510961A2647BB00C0EA72 /* Build configuration list for PBXNativeTarget "CookieCrunchTests" */ = {
			isa = XCConfigurationList;
			buildConfigurations = (
				355510971A2647BB00C0EA72 /* Debug */,
				355510981A2647BB00C0EA72 /* Release */,
			);
			defaultConfigurationIsVisible = 0;
			defaultConfigurationName = Release;
		};
/* End XCConfigurationList section */
	};
	rootObject = 3555106A1A2647BA00C0EA72 /* Project object */;
}
